
Microsoft Visual Studio Solution File, Format Version 12.00
# Visual Studio 15
VisualStudioVersion = 15.0.28307.168
MinimumVisualStudioVersion = 10.0.40219.1
Project("{FAE04EC0-301F-11D3-BF4B-00C04F79EFBC}") = "Aula17_Exercicio3", "Aula17_Exercicio3\Aula17_Exercicio3.csproj", "{82E115F0-B868-430A-B73B-F05DD8F39863}"
EndProject
Global
	GlobalSection(SolutionConfigurationPlatforms) = preSolution
		Debug|Any CPU = Debug|Any CPU
		Release|Any CPU = Release|Any CPU
	EndGlobalSection
	GlobalSection(ProjectConfigurationPlatforms) = postSolution
		{82E115F0-B868-430A-B73B-F05DD8F39863}.Debug|Any CPU.ActiveCfg = Debug|Any CPU
		{82E115F0-B868-430A-B73B-F05DD8F39863}.Debug|Any CPU.Build.0 = Debug|Any CPU
		{82E115F0-B868-430A-B73B-F05DD8F39863}.Release|Any CPU.ActiveCfg = Release|Any CPU
		{82E115F0-B868-430A-B73B-F05DD8F39863}.Release|Any CPU.Build.0 = Release|Any CPU
	EndGlobalSection
	GlobalSection(SolutionProperties) = preSolution
		HideSolutionNode = FALSE
	EndGlobalSection
	GlobalSection(ExtensibilityGlobals) = postSolution
		SolutionGuid = {B2AD64D6-CFD9-4D05-A154-D4A638C2E413}
	EndGlobalSection
EndGlobal
