
Microsoft Visual Studio Solution File, Format Version 12.00
# Visual Studio 15
VisualStudioVersion = 15.0.28307.168
MinimumVisualStudioVersion = 10.0.40219.1
Project("{FAE04EC0-301F-11D3-BF4B-00C04F79EFBC}") = "Exercicio10", "Exercicio10\Exercicio10.csproj", "{7F99128B-E74A-4FB1-A871-A1AB1A4538FE}"
EndProject
Global
	GlobalSection(SolutionConfigurationPlatforms) = preSolution
		Debug|Any CPU = Debug|Any CPU
		Release|Any CPU = Release|Any CPU
	EndGlobalSection
	GlobalSection(ProjectConfigurationPlatforms) = postSolution
		{7F99128B-E74A-4FB1-A871-A1AB1A4538FE}.Debug|Any CPU.ActiveCfg = Debug|Any CPU
		{7F99128B-E74A-4FB1-A871-A1AB1A4538FE}.Debug|Any CPU.Build.0 = Debug|Any CPU
		{7F99128B-E74A-4FB1-A871-A1AB1A4538FE}.Release|Any CPU.ActiveCfg = Release|Any CPU
		{7F99128B-E74A-4FB1-A871-A1AB1A4538FE}.Release|Any CPU.Build.0 = Release|Any CPU
	EndGlobalSection
	GlobalSection(SolutionProperties) = preSolution
		HideSolutionNode = FALSE
	EndGlobalSection
	GlobalSection(ExtensibilityGlobals) = postSolution
		SolutionGuid = {B2EBE556-A3DE-491D-9E9D-3F4DCB3D1425}
	EndGlobalSection
EndGlobal
