
Microsoft Visual Studio Solution File, Format Version 12.00
# Visual Studio 15
VisualStudioVersion = 15.0.28307.168
MinimumVisualStudioVersion = 10.0.40219.1
Project("{FAE04EC0-301F-11D3-BF4B-00C04F79EFBC}") = "Exercicio4", "Exercicio4\Exercicio4.csproj", "{F12BE769-14D8-4388-B5CE-EA1ECD493591}"
EndProject
Global
	GlobalSection(SolutionConfigurationPlatforms) = preSolution
		Debug|Any CPU = Debug|Any CPU
		Release|Any CPU = Release|Any CPU
	EndGlobalSection
	GlobalSection(ProjectConfigurationPlatforms) = postSolution
		{F12BE769-14D8-4388-B5CE-EA1ECD493591}.Debug|Any CPU.ActiveCfg = Debug|Any CPU
		{F12BE769-14D8-4388-B5CE-EA1ECD493591}.Debug|Any CPU.Build.0 = Debug|Any CPU
		{F12BE769-14D8-4388-B5CE-EA1ECD493591}.Release|Any CPU.ActiveCfg = Release|Any CPU
		{F12BE769-14D8-4388-B5CE-EA1ECD493591}.Release|Any CPU.Build.0 = Release|Any CPU
	EndGlobalSection
	GlobalSection(SolutionProperties) = preSolution
		HideSolutionNode = FALSE
	EndGlobalSection
	GlobalSection(ExtensibilityGlobals) = postSolution
		SolutionGuid = {4D2476D2-F0F3-4182-89FC-0374C086884B}
	EndGlobalSection
EndGlobal
