
Microsoft Visual Studio Solution File, Format Version 12.00
# Visual Studio 15
VisualStudioVersion = 15.0.28307.168
MinimumVisualStudioVersion = 10.0.40219.1
Project("{FAE04EC0-301F-11D3-BF4B-00C04F79EFBC}") = "Exercicio14", "Exercicio14\Exercicio14.csproj", "{29CD18ED-9FA6-4B3B-B188-655BC5E4BDBC}"
EndProject
Global
	GlobalSection(SolutionConfigurationPlatforms) = preSolution
		Debug|Any CPU = Debug|Any CPU
		Release|Any CPU = Release|Any CPU
	EndGlobalSection
	GlobalSection(ProjectConfigurationPlatforms) = postSolution
		{29CD18ED-9FA6-4B3B-B188-655BC5E4BDBC}.Debug|Any CPU.ActiveCfg = Debug|Any CPU
		{29CD18ED-9FA6-4B3B-B188-655BC5E4BDBC}.Debug|Any CPU.Build.0 = Debug|Any CPU
		{29CD18ED-9FA6-4B3B-B188-655BC5E4BDBC}.Release|Any CPU.ActiveCfg = Release|Any CPU
		{29CD18ED-9FA6-4B3B-B188-655BC5E4BDBC}.Release|Any CPU.Build.0 = Release|Any CPU
	EndGlobalSection
	GlobalSection(SolutionProperties) = preSolution
		HideSolutionNode = FALSE
	EndGlobalSection
	GlobalSection(ExtensibilityGlobals) = postSolution
		SolutionGuid = {E96EBCB4-28AD-48FD-9720-C87897B54B8D}
	EndGlobalSection
EndGlobal
