
Microsoft Visual Studio Solution File, Format Version 12.00
# Visual Studio 15
VisualStudioVersion = 15.0.28307.168
MinimumVisualStudioVersion = 10.0.40219.1
Project("{FAE04EC0-301F-11D3-BF4B-00C04F79EFBC}") = "Exercicio3", "Exercicio3\Exercicio3.csproj", "{1EF668EE-A8B8-41EC-BCA2-5E194A5BDC2D}"
EndProject
Global
	GlobalSection(SolutionConfigurationPlatforms) = preSolution
		Debug|Any CPU = Debug|Any CPU
		Release|Any CPU = Release|Any CPU
	EndGlobalSection
	GlobalSection(ProjectConfigurationPlatforms) = postSolution
		{1EF668EE-A8B8-41EC-BCA2-5E194A5BDC2D}.Debug|Any CPU.ActiveCfg = Debug|Any CPU
		{1EF668EE-A8B8-41EC-BCA2-5E194A5BDC2D}.Debug|Any CPU.Build.0 = Debug|Any CPU
		{1EF668EE-A8B8-41EC-BCA2-5E194A5BDC2D}.Release|Any CPU.ActiveCfg = Release|Any CPU
		{1EF668EE-A8B8-41EC-BCA2-5E194A5BDC2D}.Release|Any CPU.Build.0 = Release|Any CPU
	EndGlobalSection
	GlobalSection(SolutionProperties) = preSolution
		HideSolutionNode = FALSE
	EndGlobalSection
	GlobalSection(ExtensibilityGlobals) = postSolution
		SolutionGuid = {08FD1777-57EA-41B2-B553-BA043FB0E9BD}
	EndGlobalSection
EndGlobal
