
Microsoft Visual Studio Solution File, Format Version 12.00
# Visual Studio 15
VisualStudioVersion = 15.0.28307.168
MinimumVisualStudioVersion = 10.0.40219.1
Project("{FAE04EC0-301F-11D3-BF4B-00C04F79EFBC}") = "Exercicio5", "Exercicio5\Exercicio5.csproj", "{FC4F9344-6BF2-4E6D-9AE4-B40592BB0A01}"
EndProject
Global
	GlobalSection(SolutionConfigurationPlatforms) = preSolution
		Debug|Any CPU = Debug|Any CPU
		Release|Any CPU = Release|Any CPU
	EndGlobalSection
	GlobalSection(ProjectConfigurationPlatforms) = postSolution
		{FC4F9344-6BF2-4E6D-9AE4-B40592BB0A01}.Debug|Any CPU.ActiveCfg = Debug|Any CPU
		{FC4F9344-6BF2-4E6D-9AE4-B40592BB0A01}.Debug|Any CPU.Build.0 = Debug|Any CPU
		{FC4F9344-6BF2-4E6D-9AE4-B40592BB0A01}.Release|Any CPU.ActiveCfg = Release|Any CPU
		{FC4F9344-6BF2-4E6D-9AE4-B40592BB0A01}.Release|Any CPU.Build.0 = Release|Any CPU
	EndGlobalSection
	GlobalSection(SolutionProperties) = preSolution
		HideSolutionNode = FALSE
	EndGlobalSection
	GlobalSection(ExtensibilityGlobals) = postSolution
		SolutionGuid = {2E514D11-3169-4E15-8226-9669ADFFB88A}
	EndGlobalSection
EndGlobal
