
Microsoft Visual Studio Solution File, Format Version 12.00
# Visual Studio 15
VisualStudioVersion = 15.0.28307.168
MinimumVisualStudioVersion = 10.0.40219.1
Project("{FAE04EC0-301F-11D3-BF4B-00C04F79EFBC}") = "Aula17_Exercicio1", "Aula17_Exercicio1\Aula17_Exercicio1.csproj", "{EC48ACC5-44CF-4A91-8BA1-FACD028B9A61}"
EndProject
Global
	GlobalSection(SolutionConfigurationPlatforms) = preSolution
		Debug|Any CPU = Debug|Any CPU
		Release|Any CPU = Release|Any CPU
	EndGlobalSection
	GlobalSection(ProjectConfigurationPlatforms) = postSolution
		{EC48ACC5-44CF-4A91-8BA1-FACD028B9A61}.Debug|Any CPU.ActiveCfg = Debug|Any CPU
		{EC48ACC5-44CF-4A91-8BA1-FACD028B9A61}.Debug|Any CPU.Build.0 = Debug|Any CPU
		{EC48ACC5-44CF-4A91-8BA1-FACD028B9A61}.Release|Any CPU.ActiveCfg = Release|Any CPU
		{EC48ACC5-44CF-4A91-8BA1-FACD028B9A61}.Release|Any CPU.Build.0 = Release|Any CPU
	EndGlobalSection
	GlobalSection(SolutionProperties) = preSolution
		HideSolutionNode = FALSE
	EndGlobalSection
	GlobalSection(ExtensibilityGlobals) = postSolution
		SolutionGuid = {05FFB359-3BF2-4DA2-AB5B-12D318503A4D}
	EndGlobalSection
EndGlobal
