
Microsoft Visual Studio Solution File, Format Version 12.00
# Visual Studio 15
VisualStudioVersion = 15.0.28307.168
MinimumVisualStudioVersion = 10.0.40219.1
Project("{FAE04EC0-301F-11D3-BF4B-00C04F79EFBC}") = "Aula11_Exercicio1", "Aula11_Exercicio1\Aula11_Exercicio1.csproj", "{42FFC4C0-3E9D-4305-B2B6-86C14825AA16}"
EndProject
Global
	GlobalSection(SolutionConfigurationPlatforms) = preSolution
		Debug|Any CPU = Debug|Any CPU
		Release|Any CPU = Release|Any CPU
	EndGlobalSection
	GlobalSection(ProjectConfigurationPlatforms) = postSolution
		{42FFC4C0-3E9D-4305-B2B6-86C14825AA16}.Debug|Any CPU.ActiveCfg = Debug|Any CPU
		{42FFC4C0-3E9D-4305-B2B6-86C14825AA16}.Debug|Any CPU.Build.0 = Debug|Any CPU
		{42FFC4C0-3E9D-4305-B2B6-86C14825AA16}.Release|Any CPU.ActiveCfg = Release|Any CPU
		{42FFC4C0-3E9D-4305-B2B6-86C14825AA16}.Release|Any CPU.Build.0 = Release|Any CPU
	EndGlobalSection
	GlobalSection(SolutionProperties) = preSolution
		HideSolutionNode = FALSE
	EndGlobalSection
	GlobalSection(ExtensibilityGlobals) = postSolution
		SolutionGuid = {CC621441-924B-4247-9722-F763AAD33C3D}
	EndGlobalSection
EndGlobal
