
Microsoft Visual Studio Solution File, Format Version 12.00
# Visual Studio 15
VisualStudioVersion = 15.0.28307.168
MinimumVisualStudioVersion = 10.0.40219.1
Project("{FAE04EC0-301F-11D3-BF4B-00C04F79EFBC}") = "Aula8_Exercicio3", "Aula8_Exercicio3\Aula8_Exercicio3.csproj", "{04734418-3279-4759-A859-709260F88C02}"
EndProject
Global
	GlobalSection(SolutionConfigurationPlatforms) = preSolution
		Debug|Any CPU = Debug|Any CPU
		Release|Any CPU = Release|Any CPU
	EndGlobalSection
	GlobalSection(ProjectConfigurationPlatforms) = postSolution
		{04734418-3279-4759-A859-709260F88C02}.Debug|Any CPU.ActiveCfg = Debug|Any CPU
		{04734418-3279-4759-A859-709260F88C02}.Debug|Any CPU.Build.0 = Debug|Any CPU
		{04734418-3279-4759-A859-709260F88C02}.Release|Any CPU.ActiveCfg = Release|Any CPU
		{04734418-3279-4759-A859-709260F88C02}.Release|Any CPU.Build.0 = Release|Any CPU
	EndGlobalSection
	GlobalSection(SolutionProperties) = preSolution
		HideSolutionNode = FALSE
	EndGlobalSection
	GlobalSection(ExtensibilityGlobals) = postSolution
		SolutionGuid = {4FFAE086-C639-4D2D-8990-EF10854E7E63}
	EndGlobalSection
EndGlobal
