
Microsoft Visual Studio Solution File, Format Version 12.00
# Visual Studio 15
VisualStudioVersion = 15.0.28307.168
MinimumVisualStudioVersion = 10.0.40219.1
Project("{FAE04EC0-301F-11D3-BF4B-00C04F79EFBC}") = "Exercicio8", "Exercicio8\Exercicio8.csproj", "{C2894BA0-261A-4839-A984-8778BC19731E}"
EndProject
Global
	GlobalSection(SolutionConfigurationPlatforms) = preSolution
		Debug|Any CPU = Debug|Any CPU
		Release|Any CPU = Release|Any CPU
	EndGlobalSection
	GlobalSection(ProjectConfigurationPlatforms) = postSolution
		{C2894BA0-261A-4839-A984-8778BC19731E}.Debug|Any CPU.ActiveCfg = Debug|Any CPU
		{C2894BA0-261A-4839-A984-8778BC19731E}.Debug|Any CPU.Build.0 = Debug|Any CPU
		{C2894BA0-261A-4839-A984-8778BC19731E}.Release|Any CPU.ActiveCfg = Release|Any CPU
		{C2894BA0-261A-4839-A984-8778BC19731E}.Release|Any CPU.Build.0 = Release|Any CPU
	EndGlobalSection
	GlobalSection(SolutionProperties) = preSolution
		HideSolutionNode = FALSE
	EndGlobalSection
	GlobalSection(ExtensibilityGlobals) = postSolution
		SolutionGuid = {DB28A9C1-AF83-4E0E-9D37-12F963986120}
	EndGlobalSection
EndGlobal
