
Microsoft Visual Studio Solution File, Format Version 12.00
# Visual Studio 15
VisualStudioVersion = 15.0.28307.168
MinimumVisualStudioVersion = 10.0.40219.1
Project("{FAE04EC0-301F-11D3-BF4B-00C04F79EFBC}") = "Aula3_Exercicio2", "Aula3_Exercicio2\Aula3_Exercicio2.csproj", "{40290E09-5AA7-452B-8E4F-616A07339768}"
EndProject
Global
	GlobalSection(SolutionConfigurationPlatforms) = preSolution
		Debug|Any CPU = Debug|Any CPU
		Release|Any CPU = Release|Any CPU
	EndGlobalSection
	GlobalSection(ProjectConfigurationPlatforms) = postSolution
		{40290E09-5AA7-452B-8E4F-616A07339768}.Debug|Any CPU.ActiveCfg = Debug|Any CPU
		{40290E09-5AA7-452B-8E4F-616A07339768}.Debug|Any CPU.Build.0 = Debug|Any CPU
		{40290E09-5AA7-452B-8E4F-616A07339768}.Release|Any CPU.ActiveCfg = Release|Any CPU
		{40290E09-5AA7-452B-8E4F-616A07339768}.Release|Any CPU.Build.0 = Release|Any CPU
	EndGlobalSection
	GlobalSection(SolutionProperties) = preSolution
		HideSolutionNode = FALSE
	EndGlobalSection
	GlobalSection(ExtensibilityGlobals) = postSolution
		SolutionGuid = {28C430C4-C67B-461C-9F63-20142B2A6E70}
	EndGlobalSection
EndGlobal
